
Microsoft Visual Studio Solution File, Format Version 12.00
# Visual Studio 2012
Project("{8BC9CEB8-8B4A-11D0-8D11-00A0C91BC942}") = "ImageStitching", "ImageStitching\ImageStitching.vcxproj", "{CD498A1D-B5FB-47A6-AB7C-2CCE3F31740A}"
EndProject
Global
	GlobalSection(SolutionConfigurationPlatforms) = preSolution
		Debug|Win32 = Debug|Win32
		Release|Win32 = Release|Win32
	EndGlobalSection
	GlobalSection(ProjectConfigurationPlatforms) = postSolution
		{CD498A1D-B5FB-47A6-AB7C-2CCE3F31740A}.Debug|Win32.ActiveCfg = Debug|Win32
		{CD498A1D-B5FB-47A6-AB7C-2CCE3F31740A}.Debug|Win32.Build.0 = Debug|Win32
		{CD498A1D-B5FB-47A6-AB7C-2CCE3F31740A}.Release|Win32.ActiveCfg = Release|Win32
		{CD498A1D-B5FB-47A6-AB7C-2CCE3F31740A}.Release|Win32.Build.0 = Release|Win32
	EndGlobalSection
	GlobalSection(SolutionProperties) = preSolution
		HideSolutionNode = FALSE
	EndGlobalSection
EndGlobal
